
Microsoft Visual Studio Solution File, Format Version 12.00
# Visual Studio Version 17
VisualStudioVersion = 17.0.31903.59
MinimumVisualStudioVersion = 10.0.40219.1
Project("{FAE04EC0-301F-11D3-BF4B-00C04F79EFBC}") = "API", "API\API.csproj", "{6474986F-37F7-40C2-9147-8901A18986C2}"
EndProject
Project("{FAE04EC0-301F-11D3-BF4B-00C04F79EFBC}") = "Core", "Core\Core.csproj", "{0345F8DE-97DF-4414-88CE-67F89550458F}"
EndProject
Project("{FAE04EC0-301F-11D3-BF4B-00C04F79EFBC}") = "Infrastructure", "Infrastructure\Infrastructure.csproj", "{63D566CE-96C4-4CF3-94EF-C2A9E579F11F}"
EndProject
Global
	GlobalSection(SolutionConfigurationPlatforms) = preSolution
		Debug|Any CPU = Debug|Any CPU
		Release|Any CPU = Release|Any CPU
	EndGlobalSection
	GlobalSection(SolutionProperties) = preSolution
		HideSolutionNode = FALSE
	EndGlobalSection
	GlobalSection(ProjectConfigurationPlatforms) = postSolution
		{6474986F-37F7-40C2-9147-8901A18986C2}.Debug|Any CPU.ActiveCfg = Debug|Any CPU
		{6474986F-37F7-40C2-9147-8901A18986C2}.Debug|Any CPU.Build.0 = Debug|Any CPU
		{6474986F-37F7-40C2-9147-8901A18986C2}.Release|Any CPU.ActiveCfg = Release|Any CPU
		{6474986F-37F7-40C2-9147-8901A18986C2}.Release|Any CPU.Build.0 = Release|Any CPU
		{0345F8DE-97DF-4414-88CE-67F89550458F}.Debug|Any CPU.ActiveCfg = Debug|Any CPU
		{0345F8DE-97DF-4414-88CE-67F89550458F}.Debug|Any CPU.Build.0 = Debug|Any CPU
		{0345F8DE-97DF-4414-88CE-67F89550458F}.Release|Any CPU.ActiveCfg = Release|Any CPU
		{0345F8DE-97DF-4414-88CE-67F89550458F}.Release|Any CPU.Build.0 = Release|Any CPU
		{63D566CE-96C4-4CF3-94EF-C2A9E579F11F}.Debug|Any CPU.ActiveCfg = Debug|Any CPU
		{63D566CE-96C4-4CF3-94EF-C2A9E579F11F}.Debug|Any CPU.Build.0 = Debug|Any CPU
		{63D566CE-96C4-4CF3-94EF-C2A9E579F11F}.Release|Any CPU.ActiveCfg = Release|Any CPU
		{63D566CE-96C4-4CF3-94EF-C2A9E579F11F}.Release|Any CPU.Build.0 = Release|Any CPU
	EndGlobalSection
EndGlobal
